
Microsoft Visual Studio Solution File, Format Version 12.00
# Visual Studio Version 16
Project("{8BC9CEB8-8B4A-11D0-8D11-00A0C91BC942}") = "Game Engine", "Game Engine.vcxproj", "{D57F5287-4135-CB7C-CA29-C55336DEC180}"
EndProject
Global
	GlobalSection(SolutionConfigurationPlatforms) = preSolution
		Debug|Win-x86 = Debug|Win-x86
		Release|Win-x86 = Release|Win-x86
	EndGlobalSection
	GlobalSection(ProjectConfigurationPlatforms) = postSolution
		{D57F5287-4135-CB7C-CA29-C55336DEC180}.Debug|Win-x86.ActiveCfg = Debug Win-x86|Win32
		{D57F5287-4135-CB7C-CA29-C55336DEC180}.Debug|Win-x86.Build.0 = Debug Win-x86|Win32
		{D57F5287-4135-CB7C-CA29-C55336DEC180}.Release|Win-x86.ActiveCfg = Release Win-x86|Win32
		{D57F5287-4135-CB7C-CA29-C55336DEC180}.Release|Win-x86.Build.0 = Release Win-x86|Win32
	EndGlobalSection
	GlobalSection(SolutionProperties) = preSolution
		HideSolutionNode = FALSE
	EndGlobalSection
EndGlobal
